// !$*UTF8*$!
{
	archiveVersion = 1;
	classes = {
	};
	objectVersion = 55;
	objects = {

/* Begin PBXBuildFile section */
		07B63FA1BAC348800EB709B8 /* Pods_TekoProduct.framework in Frameworks */ = {isa = PBXBuildFile; fileRef = E592A68C4E828A2F3AC24023 /* Pods_TekoProduct.framework */; };
		5C077B1F28B61F42004509BF /* PopupView.swift in Sources */ = {isa = PBXBuildFile; fileRef = 5C077B1E28B61F42004509BF /* PopupView.swift */; };
		5C077B2128B62124004509BF /* UIApplication+Ext.swift in Sources */ = {isa = PBXBuildFile; fileRef = 5C077B2028B62124004509BF /* UIApplication+Ext.swift */; };
		5C077B2328B62162004509BF /* BaseXibView.swift in Sources */ = {isa = PBXBuildFile; fileRef = 5C077B2228B62162004509BF /* BaseXibView.swift */; };
		5C077B2528B623D5004509BF /* SubmitChangesView.swift in Sources */ = {isa = PBXBuildFile; fileRef = 5C077B2428B623D5004509BF /* SubmitChangesView.swift */; };
		5C077B2728B6246A004509BF /* SubmitChangesView.xib in Resources */ = {isa = PBXBuildFile; fileRef = 5C077B2628B6246A004509BF /* SubmitChangesView.xib */; };
		5C39994728B4CB8E00103DD3 /* AppDelegate.swift in Sources */ = {isa = PBXBuildFile; fileRef = 5C39994628B4CB8E00103DD3 /* AppDelegate.swift */; };
		5C39994928B4CB8E00103DD3 /* SceneDelegate.swift in Sources */ = {isa = PBXBuildFile; fileRef = 5C39994828B4CB8E00103DD3 /* SceneDelegate.swift */; };
		5C39994B28B4CB8E00103DD3 /* ProductViewController.swift in Sources */ = {isa = PBXBuildFile; fileRef = 5C39994A28B4CB8E00103DD3 /* ProductViewController.swift */; };
		5C39994E28B4CB8E00103DD3 /* Main.storyboard in Resources */ = {isa = PBXBuildFile; fileRef = 5C39994C28B4CB8E00103DD3 /* Main.storyboard */; };
		5C39995028B4CB8E00103DD3 /* Assets.xcassets in Resources */ = {isa = PBXBuildFile; fileRef = 5C39994F28B4CB8E00103DD3 /* Assets.xcassets */; };
		5C39995328B4CB8E00103DD3 /* LaunchScreen.storyboard in Resources */ = {isa = PBXBuildFile; fileRef = 5C39995128B4CB8E00103DD3 /* LaunchScreen.storyboard */; };
		5CBFD8D928B7008B00C90E94 /* Color.swift in Sources */ = {isa = PBXBuildFile; fileRef = 5CBFD8D828B7008B00C90E94 /* Color.swift */; };
		5CBFD8DB28B7011800C90E94 /* Product.swift in Sources */ = {isa = PBXBuildFile; fileRef = 5CBFD8DA28B7011800C90E94 /* Product.swift */; };
		5CDFA8DD28B4D18A0073B4CE /* Error+Ext.swift in Sources */ = {isa = PBXBuildFile; fileRef = 5CDFA8D828B4D18A0073B4CE /* Error+Ext.swift */; };
		5CDFA8DE28B4D18A0073B4CE /* UIImageView+Ext.swift in Sources */ = {isa = PBXBuildFile; fileRef = 5CDFA8D928B4D18A0073B4CE /* UIImageView+Ext.swift */; };
		5CDFA8DF28B4D18A0073B4CE /* Date+Ext.swift in Sources */ = {isa = PBXBuildFile; fileRef = 5CDFA8DA28B4D18A0073B4CE /* Date+Ext.swift */; };
		5CDFA8E028B4D18A0073B4CE /* NSObject+Ext.swift in Sources */ = {isa = PBXBuildFile; fileRef = 5CDFA8DB28B4D18A0073B4CE /* NSObject+Ext.swift */; };
		5CDFA8E128B4D18A0073B4CE /* UIView+Ext.swift in Sources */ = {isa = PBXBuildFile; fileRef = 5CDFA8DC28B4D18A0073B4CE /* UIView+Ext.swift */; };
		5CDFA8E428B4D1930073B4CE /* Util.swift in Sources */ = {isa = PBXBuildFile; fileRef = 5CDFA8E328B4D1930073B4CE /* Util.swift */; };
		5CDFA8E828B4D1D90073B4CE /* DataService.swift in Sources */ = {isa = PBXBuildFile; fileRef = 5CDFA8E528B4D1D90073B4CE /* DataService.swift */; };
		5CDFA8E928B4D1D90073B4CE /* Networking+Extension.swift in Sources */ = {isa = PBXBuildFile; fileRef = 5CDFA8E628B4D1D90073B4CE /* Networking+Extension.swift */; };
		5CDFA8EA28B4D1D90073B4CE /* BaseResponse.swift in Sources */ = {isa = PBXBuildFile; fileRef = 5CDFA8E728B4D1D90073B4CE /* BaseResponse.swift */; };
		5CDFA8EC28B4D20E0073B4CE /* Constants.swift in Sources */ = {isa = PBXBuildFile; fileRef = 5CDFA8EB28B4D20E0073B4CE /* Constants.swift */; };
		5CDFA8F028B4D6FB0073B4CE /* EditableProductTableViewCell.swift in Sources */ = {isa = PBXBuildFile; fileRef = 5CDFA8EE28B4D6FB0073B4CE /* EditableProductTableViewCell.swift */; };
		5CDFA8F128B4D6FB0073B4CE /* EditableProductTableViewCell.xib in Resources */ = {isa = PBXBuildFile; fileRef = 5CDFA8EF28B4D6FB0073B4CE /* EditableProductTableViewCell.xib */; };
		5CDFA8F428B4D73A0073B4CE /* ProductTableViewCell.swift in Sources */ = {isa = PBXBuildFile; fileRef = 5CDFA8F228B4D73A0073B4CE /* ProductTableViewCell.swift */; };
		5CDFA8F528B4D73A0073B4CE /* ProductTableViewCell.xib in Resources */ = {isa = PBXBuildFile; fileRef = 5CDFA8F328B4D73A0073B4CE /* ProductTableViewCell.xib */; };
		5CDFA8F828B4D7560073B4CE /* SubmitProductTableViewCell.swift in Sources */ = {isa = PBXBuildFile; fileRef = 5CDFA8F628B4D7560073B4CE /* SubmitProductTableViewCell.swift */; };
		5CDFA8F928B4D7560073B4CE /* SubmitProductTableViewCell.xib in Resources */ = {isa = PBXBuildFile; fileRef = 5CDFA8F728B4D7560073B4CE /* SubmitProductTableViewCell.xib */; };
		5CF5EBC728B72D08001145DB /* DefaultTekoRepository.swift in Sources */ = {isa = PBXBuildFile; fileRef = 5CF5EBC628B72D08001145DB /* DefaultTekoRepository.swift */; };
		5CF5EBC928B72F2D001145DB /* BaseViewModel.swift in Sources */ = {isa = PBXBuildFile; fileRef = 5CF5EBC828B72F2D001145DB /* BaseViewModel.swift */; };
		5CF5EBCB28B72F72001145DB /* ProductViewModel.swift in Sources */ = {isa = PBXBuildFile; fileRef = 5CF5EBCA28B72F72001145DB /* ProductViewModel.swift */; };
/* End PBXBuildFile section */

/* Begin PBXFileReference section */
		5C077B1E28B61F42004509BF /* PopupView.swift */ = {isa = PBXFileReference; lastKnownFileType = sourcecode.swift; path = PopupView.swift; sourceTree = "<group>"; };
		5C077B2028B62124004509BF /* UIApplication+Ext.swift */ = {isa = PBXFileReference; lastKnownFileType = sourcecode.swift; path = "UIApplication+Ext.swift"; sourceTree = "<group>"; };
		5C077B2228B62162004509BF /* BaseXibView.swift */ = {isa = PBXFileReference; lastKnownFileType = sourcecode.swift; path = BaseXibView.swift; sourceTree = "<group>"; };
		5C077B2428B623D5004509BF /* SubmitChangesView.swift */ = {isa = PBXFileReference; lastKnownFileType = sourcecode.swift; path = SubmitChangesView.swift; sourceTree = "<group>"; };
		5C077B2628B6246A004509BF /* SubmitChangesView.xib */ = {isa = PBXFileReference; lastKnownFileType = file.xib; path = SubmitChangesView.xib; sourceTree = "<group>"; };
		5C39994328B4CB8E00103DD3 /* TekoProduct.app */ = {isa = PBXFileReference; explicitFileType = wrapper.application; includeInIndex = 0; path = TekoProduct.app; sourceTree = BUILT_PRODUCTS_DIR; };
		5C39994628B4CB8E00103DD3 /* AppDelegate.swift */ = {isa = PBXFileReference; lastKnownFileType = sourcecode.swift; path = AppDelegate.swift; sourceTree = "<group>"; };
		5C39994828B4CB8E00103DD3 /* SceneDelegate.swift */ = {isa = PBXFileReference; lastKnownFileType = sourcecode.swift; path = SceneDelegate.swift; sourceTree = "<group>"; };
		5C39994A28B4CB8E00103DD3 /* ProductViewController.swift */ = {isa = PBXFileReference; lastKnownFileType = sourcecode.swift; path = ProductViewController.swift; sourceTree = "<group>"; };
		5C39994D28B4CB8E00103DD3 /* Base */ = {isa = PBXFileReference; lastKnownFileType = file.storyboard; name = Base; path = Base.lproj/Main.storyboard; sourceTree = "<group>"; };
		5C39994F28B4CB8E00103DD3 /* Assets.xcassets */ = {isa = PBXFileReference; lastKnownFileType = folder.assetcatalog; path = Assets.xcassets; sourceTree = "<group>"; };
		5C39995228B4CB8E00103DD3 /* Base */ = {isa = PBXFileReference; lastKnownFileType = file.storyboard; name = Base; path = Base.lproj/LaunchScreen.storyboard; sourceTree = "<group>"; };
		5C39995428B4CB8E00103DD3 /* Info.plist */ = {isa = PBXFileReference; lastKnownFileType = text.plist.xml; path = Info.plist; sourceTree = "<group>"; };
		5CBFD8D828B7008B00C90E94 /* Color.swift */ = {isa = PBXFileReference; lastKnownFileType = sourcecode.swift; path = Color.swift; sourceTree = "<group>"; };
		5CBFD8DA28B7011800C90E94 /* Product.swift */ = {isa = PBXFileReference; lastKnownFileType = sourcecode.swift; path = Product.swift; sourceTree = "<group>"; };
		5CDFA8D828B4D18A0073B4CE /* Error+Ext.swift */ = {isa = PBXFileReference; fileEncoding = 4; lastKnownFileType = sourcecode.swift; path = "Error+Ext.swift"; sourceTree = "<group>"; };
		5CDFA8D928B4D18A0073B4CE /* UIImageView+Ext.swift */ = {isa = PBXFileReference; fileEncoding = 4; lastKnownFileType = sourcecode.swift; path = "UIImageView+Ext.swift"; sourceTree = "<group>"; };
		5CDFA8DA28B4D18A0073B4CE /* Date+Ext.swift */ = {isa = PBXFileReference; fileEncoding = 4; lastKnownFileType = sourcecode.swift; path = "Date+Ext.swift"; sourceTree = "<group>"; };
		5CDFA8DB28B4D18A0073B4CE /* NSObject+Ext.swift */ = {isa = PBXFileReference; fileEncoding = 4; lastKnownFileType = sourcecode.swift; path = "NSObject+Ext.swift"; sourceTree = "<group>"; };
		5CDFA8DC28B4D18A0073B4CE /* UIView+Ext.swift */ = {isa = PBXFileReference; fileEncoding = 4; lastKnownFileType = sourcecode.swift; path = "UIView+Ext.swift"; sourceTree = "<group>"; };
		5CDFA8E328B4D1930073B4CE /* Util.swift */ = {isa = PBXFileReference; fileEncoding = 4; lastKnownFileType = sourcecode.swift; path = Util.swift; sourceTree = "<group>"; };
		5CDFA8E528B4D1D90073B4CE /* DataService.swift */ = {isa = PBXFileReference; fileEncoding = 4; lastKnownFileType = sourcecode.swift; path = DataService.swift; sourceTree = "<group>"; };
		5CDFA8E628B4D1D90073B4CE /* Networking+Extension.swift */ = {isa = PBXFileReference; fileEncoding = 4; lastKnownFileType = sourcecode.swift; path = "Networking+Extension.swift"; sourceTree = "<group>"; };
		5CDFA8E728B4D1D90073B4CE /* BaseResponse.swift */ = {isa = PBXFileReference; fileEncoding = 4; lastKnownFileType = sourcecode.swift; path = BaseResponse.swift; sourceTree = "<group>"; };
		5CDFA8EB28B4D20E0073B4CE /* Constants.swift */ = {isa = PBXFileReference; lastKnownFileType = sourcecode.swift; path = Constants.swift; sourceTree = "<group>"; };
		5CDFA8EE28B4D6FB0073B4CE /* EditableProductTableViewCell.swift */ = {isa = PBXFileReference; lastKnownFileType = sourcecode.swift; path = EditableProductTableViewCell.swift; sourceTree = "<group>"; };
		5CDFA8EF28B4D6FB0073B4CE /* EditableProductTableViewCell.xib */ = {isa = PBXFileReference; lastKnownFileType = file.xib; path = EditableProductTableViewCell.xib; sourceTree = "<group>"; };
		5CDFA8F228B4D73A0073B4CE /* ProductTableViewCell.swift */ = {isa = PBXFileReference; lastKnownFileType = sourcecode.swift; path = ProductTableViewCell.swift; sourceTree = "<group>"; };
		5CDFA8F328B4D73A0073B4CE /* ProductTableViewCell.xib */ = {isa = PBXFileReference; lastKnownFileType = file.xib; path = ProductTableViewCell.xib; sourceTree = "<group>"; };
		5CDFA8F628B4D7560073B4CE /* SubmitProductTableViewCell.swift */ = {isa = PBXFileReference; lastKnownFileType = sourcecode.swift; path = SubmitProductTableViewCell.swift; sourceTree = "<group>"; };
		5CDFA8F728B4D7560073B4CE /* SubmitProductTableViewCell.xib */ = {isa = PBXFileReference; lastKnownFileType = file.xib; path = SubmitProductTableViewCell.xib; sourceTree = "<group>"; };
		5CF5EBC628B72D08001145DB /* DefaultTekoRepository.swift */ = {isa = PBXFileReference; lastKnownFileType = sourcecode.swift; path = DefaultTekoRepository.swift; sourceTree = "<group>"; };
		5CF5EBC828B72F2D001145DB /* BaseViewModel.swift */ = {isa = PBXFileReference; lastKnownFileType = sourcecode.swift; path = BaseViewModel.swift; sourceTree = "<group>"; };
		5CF5EBCA28B72F72001145DB /* ProductViewModel.swift */ = {isa = PBXFileReference; lastKnownFileType = sourcecode.swift; path = ProductViewModel.swift; sourceTree = "<group>"; };
		8B21002DFE421880812A6F53 /* Pods-TekoProduct.debug.xcconfig */ = {isa = PBXFileReference; includeInIndex = 1; lastKnownFileType = text.xcconfig; name = "Pods-TekoProduct.debug.xcconfig"; path = "Target Support Files/Pods-TekoProduct/Pods-TekoProduct.debug.xcconfig"; sourceTree = "<group>"; };
		CFB114BB92B30F5F452E1FF1 /* Pods-TekoProduct.release.xcconfig */ = {isa = PBXFileReference; includeInIndex = 1; lastKnownFileType = text.xcconfig; name = "Pods-TekoProduct.release.xcconfig"; path = "Target Support Files/Pods-TekoProduct/Pods-TekoProduct.release.xcconfig"; sourceTree = "<group>"; };
		E592A68C4E828A2F3AC24023 /* Pods_TekoProduct.framework */ = {isa = PBXFileReference; explicitFileType = wrapper.framework; includeInIndex = 0; path = Pods_TekoProduct.framework; sourceTree = BUILT_PRODUCTS_DIR; };
/* End PBXFileReference section */

/* Begin PBXFrameworksBuildPhase section */
		5C39994028B4CB8E00103DD3 /* Frameworks */ = {
			isa = PBXFrameworksBuildPhase;
			buildActionMask = 2147483647;
			files = (
				07B63FA1BAC348800EB709B8 /* Pods_TekoProduct.framework in Frameworks */,
			);
			runOnlyForDeploymentPostprocessing = 0;
		};
/* End PBXFrameworksBuildPhase section */

/* Begin PBXGroup section */
		314DDE81DFD18361E1EC62EF /* Frameworks */ = {
			isa = PBXGroup;
			children = (
				E592A68C4E828A2F3AC24023 /* Pods_TekoProduct.framework */,
			);
			name = Frameworks;
			sourceTree = "<group>";
		};
		5C077B1A28B61DAD004509BF /* ProductViewController */ = {
			isa = PBXGroup;
			children = (
				5C077B1B28B61DBD004509BF /* TableCell */,
				5C39994A28B4CB8E00103DD3 /* ProductViewController.swift */,
			);
			path = ProductViewController;
			sourceTree = "<group>";
		};
		5C077B1B28B61DBD004509BF /* TableCell */ = {
			isa = PBXGroup;
			children = (
				5CDFA8EE28B4D6FB0073B4CE /* EditableProductTableViewCell.swift */,
				5CDFA8EF28B4D6FB0073B4CE /* EditableProductTableViewCell.xib */,
				5CDFA8F228B4D73A0073B4CE /* ProductTableViewCell.swift */,
				5CDFA8F328B4D73A0073B4CE /* ProductTableViewCell.xib */,
			);
			path = TableCell;
			sourceTree = "<group>";
		};
		5C077B1C28B61DCB004509BF /* SubmitChangesView */ = {
			isa = PBXGroup;
			children = (
				5CDFA8ED28B4D6A60073B4CE /* TableCell */,
				5C077B2428B623D5004509BF /* SubmitChangesView.swift */,
				5C077B2628B6246A004509BF /* SubmitChangesView.xib */,
			);
			path = SubmitChangesView;
			sourceTree = "<group>";
		};
		5C077B1D28B61F31004509BF /* CustomView */ = {
			isa = PBXGroup;
			children = (
				5C077B1E28B61F42004509BF /* PopupView.swift */,
				5C077B2228B62162004509BF /* BaseXibView.swift */,
			);
			path = CustomView;
			sourceTree = "<group>";
		};
		5C39993A28B4CB8E00103DD3 = {
			isa = PBXGroup;
			children = (
				5C39994528B4CB8E00103DD3 /* TekoProduct */,
				5C39994428B4CB8E00103DD3 /* Products */,
				A801D082A834414FCF4805C0 /* Pods */,
				314DDE81DFD18361E1EC62EF /* Frameworks */,
			);
			sourceTree = "<group>";
		};
		5C39994428B4CB8E00103DD3 /* Products */ = {
			isa = PBXGroup;
			children = (
				5C39994328B4CB8E00103DD3 /* TekoProduct.app */,
			);
			name = Products;
			sourceTree = "<group>";
		};
		5C39994528B4CB8E00103DD3 /* TekoProduct */ = {
			isa = PBXGroup;
			children = (
				5C077B1D28B61F31004509BF /* CustomView */,
				5CDFA8EB28B4D20E0073B4CE /* Constants.swift */,
				5CDFA8E228B4D1930073B4CE /* Util */,
				5CDFA8D728B4D18A0073B4CE /* Extensions */,
				5CDFA8D228B4CE1A0073B4CE /* AppDelegate */,
				5CDFA8D028B4CDD90073B4CE /* UI */,
				5CDFA8CF28B4CDB70073B4CE /* Repository */,
				5CDFA8CE28B4CDAD0073B4CE /* ViewModel */,
				5CDFA8CD28B4CDA20073B4CE /* Model */,
				5CDFA8D128B4CDE40073B4CE /* SupportingFiles */,
				5C39995428B4CB8E00103DD3 /* Info.plist */,
			);
			path = TekoProduct;
			sourceTree = "<group>";
		};
		5CDFA8CD28B4CDA20073B4CE /* Model */ = {
			isa = PBXGroup;
			children = (
				5CDFA8E728B4D1D90073B4CE /* BaseResponse.swift */,
				5CDFA8E528B4D1D90073B4CE /* DataService.swift */,
				5CDFA8E628B4D1D90073B4CE /* Networking+Extension.swift */,
				5CBFD8D828B7008B00C90E94 /* Color.swift */,
				5CBFD8DA28B7011800C90E94 /* Product.swift */,
			);
			path = Model;
			sourceTree = "<group>";
		};
		5CDFA8CE28B4CDAD0073B4CE /* ViewModel */ = {
			isa = PBXGroup;
			children = (
				5CF5EBC828B72F2D001145DB /* BaseViewModel.swift */,
				5CF5EBCA28B72F72001145DB /* ProductViewModel.swift */,
			);
			path = ViewModel;
			sourceTree = "<group>";
		};
		5CDFA8CF28B4CDB70073B4CE /* Repository */ = {
			isa = PBXGroup;
			children = (
				5CF5EBC628B72D08001145DB /* DefaultTekoRepository.swift */,
			);
			path = Repository;
			sourceTree = "<group>";
		};
		5CDFA8D028B4CDD90073B4CE /* UI */ = {
			isa = PBXGroup;
			children = (
				5C077B1C28B61DCB004509BF /* SubmitChangesView */,
				5C077B1A28B61DAD004509BF /* ProductViewController */,
			);
			path = UI;
			sourceTree = "<group>";
		};
		5CDFA8D128B4CDE40073B4CE /* SupportingFiles */ = {
			isa = PBXGroup;
			children = (
				5C39994F28B4CB8E00103DD3 /* Assets.xcassets */,
				5C39994C28B4CB8E00103DD3 /* Main.storyboard */,
				5C39995128B4CB8E00103DD3 /* LaunchScreen.storyboard */,
			);
			path = SupportingFiles;
			sourceTree = "<group>";
		};
		5CDFA8D228B4CE1A0073B4CE /* AppDelegate */ = {
			isa = PBXGroup;
			children = (
				5C39994628B4CB8E00103DD3 /* AppDelegate.swift */,
				5C39994828B4CB8E00103DD3 /* SceneDelegate.swift */,
			);
			path = AppDelegate;
			sourceTree = "<group>";
		};
		5CDFA8D728B4D18A0073B4CE /* Extensions */ = {
			isa = PBXGroup;
			children = (
				5CDFA8D828B4D18A0073B4CE /* Error+Ext.swift */,
				5CDFA8D928B4D18A0073B4CE /* UIImageView+Ext.swift */,
				5CDFA8DA28B4D18A0073B4CE /* Date+Ext.swift */,
				5CDFA8DB28B4D18A0073B4CE /* NSObject+Ext.swift */,
				5CDFA8DC28B4D18A0073B4CE /* UIView+Ext.swift */,
				5C077B2028B62124004509BF /* UIApplication+Ext.swift */,
			);
			path = Extensions;
			sourceTree = "<group>";
		};
		5CDFA8E228B4D1930073B4CE /* Util */ = {
			isa = PBXGroup;
			children = (
				5CDFA8E328B4D1930073B4CE /* Util.swift */,
			);
			path = Util;
			sourceTree = "<group>";
		};
		5CDFA8ED28B4D6A60073B4CE /* TableCell */ = {
			isa = PBXGroup;
			children = (
				5CDFA8F628B4D7560073B4CE /* SubmitProductTableViewCell.swift */,
				5CDFA8F728B4D7560073B4CE /* SubmitProductTableViewCell.xib */,
			);
			path = TableCell;
			sourceTree = "<group>";
		};
		A801D082A834414FCF4805C0 /* Pods */ = {
			isa = PBXGroup;
			children = (
				8B21002DFE421880812A6F53 /* Pods-TekoProduct.debug.xcconfig */,
				CFB114BB92B30F5F452E1FF1 /* Pods-TekoProduct.release.xcconfig */,
			);
			path = Pods;
			sourceTree = "<group>";
		};
/* End PBXGroup section */

/* Begin PBXNativeTarget section */
		5C39994228B4CB8E00103DD3 /* TekoProduct */ = {
			isa = PBXNativeTarget;
			buildConfigurationList = 5C39995728B4CB8E00103DD3 /* Build configuration list for PBXNativeTarget "TekoProduct" */;
			buildPhases = (
				4C92BCB83A199DCD4F25FC03 /* [CP] Check Pods Manifest.lock */,
				5C39993F28B4CB8E00103DD3 /* Sources */,
				5C39994028B4CB8E00103DD3 /* Frameworks */,
				5C39994128B4CB8E00103DD3 /* Resources */,
				46D5A86394340D26D1BDA7BA /* [CP] Embed Pods Frameworks */,
			);
			buildRules = (
			);
			dependencies = (
			);
			name = TekoProduct;
			productName = TekoProduct;
			productReference = 5C39994328B4CB8E00103DD3 /* TekoProduct.app */;
			productType = "com.apple.product-type.application";
		};
/* End PBXNativeTarget section */

/* Begin PBXProject section */
		5C39993B28B4CB8E00103DD3 /* Project object */ = {
			isa = PBXProject;
			attributes = {
				BuildIndependentTargetsInParallel = 1;
				LastSwiftUpdateCheck = 1340;
				LastUpgradeCheck = 1340;
				TargetAttributes = {
					5C39994228B4CB8E00103DD3 = {
						CreatedOnToolsVersion = 13.4.1;
					};
				};
			};
			buildConfigurationList = 5C39993E28B4CB8E00103DD3 /* Build configuration list for PBXProject "TekoProduct" */;
			compatibilityVersion = "Xcode 13.0";
			developmentRegion = en;
			hasScannedForEncodings = 0;
			knownRegions = (
				en,
				Base,
			);
			mainGroup = 5C39993A28B4CB8E00103DD3;
			productRefGroup = 5C39994428B4CB8E00103DD3 /* Products */;
			projectDirPath = "";
			projectRoot = "";
			targets = (
				5C39994228B4CB8E00103DD3 /* TekoProduct */,
			);
		};
/* End PBXProject section */

/* Begin PBXResourcesBuildPhase section */
		5C39994128B4CB8E00103DD3 /* Resources */ = {
			isa = PBXResourcesBuildPhase;
			buildActionMask = 2147483647;
			files = (
				5C39995328B4CB8E00103DD3 /* LaunchScreen.storyboard in Resources */,
				5C39995028B4CB8E00103DD3 /* Assets.xcassets in Resources */,
				5CDFA8F528B4D73A0073B4CE /* ProductTableViewCell.xib in Resources */,
				5CDFA8F928B4D7560073B4CE /* SubmitProductTableViewCell.xib in Resources */,
				5CDFA8F128B4D6FB0073B4CE /* EditableProductTableViewCell.xib in Resources */,
				5C077B2728B6246A004509BF /* SubmitChangesView.xib in Resources */,
				5C39994E28B4CB8E00103DD3 /* Main.storyboard in Resources */,
			);
			runOnlyForDeploymentPostprocessing = 0;
		};
/* End PBXResourcesBuildPhase section */

/* Begin PBXShellScriptBuildPhase section */
		46D5A86394340D26D1BDA7BA /* [CP] Embed Pods Frameworks */ = {
			isa = PBXShellScriptBuildPhase;
			buildActionMask = 2147483647;
			files = (
			);
			inputFileListPaths = (
				"${PODS_ROOT}/Target Support Files/Pods-TekoProduct/Pods-TekoProduct-frameworks-${CONFIGURATION}-input-files.xcfilelist",
			);
			name = "[CP] Embed Pods Frameworks";
			outputFileListPaths = (
				"${PODS_ROOT}/Target Support Files/Pods-TekoProduct/Pods-TekoProduct-frameworks-${CONFIGURATION}-output-files.xcfilelist",
			);
			runOnlyForDeploymentPostprocessing = 0;
			shellPath = /bin/sh;
			shellScript = "\"${PODS_ROOT}/Target Support Files/Pods-TekoProduct/Pods-TekoProduct-frameworks.sh\"\n";
			showEnvVarsInLog = 0;
		};
		4C92BCB83A199DCD4F25FC03 /* [CP] Check Pods Manifest.lock */ = {
			isa = PBXShellScriptBuildPhase;
			buildActionMask = 2147483647;
			files = (
			);
			inputFileListPaths = (
			);
			inputPaths = (
				"${PODS_PODFILE_DIR_PATH}/Podfile.lock",
				"${PODS_ROOT}/Manifest.lock",
			);
			name = "[CP] Check Pods Manifest.lock";
			outputFileListPaths = (
			);
			outputPaths = (
				"$(DERIVED_FILE_DIR)/Pods-TekoProduct-checkManifestLockResult.txt",
			);
			runOnlyForDeploymentPostprocessing = 0;
			shellPath = /bin/sh;
			shellScript = "diff \"${PODS_PODFILE_DIR_PATH}/Podfile.lock\" \"${PODS_ROOT}/Manifest.lock\" > /dev/null\nif [ $? != 0 ] ; then\n    # print error to STDERR\n    echo \"error: The sandbox is not in sync with the Podfile.lock. Run 'pod install' or update your CocoaPods installation.\" >&2\n    exit 1\nfi\n# This output is used by Xcode 'outputs' to avoid re-running this script phase.\necho \"SUCCESS\" > \"${SCRIPT_OUTPUT_FILE_0}\"\n";
			showEnvVarsInLog = 0;
		};
/* End PBXShellScriptBuildPhase section */

/* Begin PBXSourcesBuildPhase section */
		5C39993F28B4CB8E00103DD3 /* Sources */ = {
			isa = PBXSourcesBuildPhase;
			buildActionMask = 2147483647;
			files = (
				5CDFA8E128B4D18A0073B4CE /* UIView+Ext.swift in Sources */,
				5CDFA8E428B4D1930073B4CE /* Util.swift in Sources */,
				5CBFD8D928B7008B00C90E94 /* Color.swift in Sources */,
				5CDFA8F428B4D73A0073B4CE /* ProductTableViewCell.swift in Sources */,
				5CDFA8DD28B4D18A0073B4CE /* Error+Ext.swift in Sources */,
				5CF5EBC928B72F2D001145DB /* BaseViewModel.swift in Sources */,
				5CBFD8DB28B7011800C90E94 /* Product.swift in Sources */,
				5C077B2328B62162004509BF /* BaseXibView.swift in Sources */,
				5CDFA8EA28B4D1D90073B4CE /* BaseResponse.swift in Sources */,
				5CDFA8DE28B4D18A0073B4CE /* UIImageView+Ext.swift in Sources */,
				5CDFA8F828B4D7560073B4CE /* SubmitProductTableViewCell.swift in Sources */,
				5C39994B28B4CB8E00103DD3 /* ProductViewController.swift in Sources */,
				5CDFA8E928B4D1D90073B4CE /* Networking+Extension.swift in Sources */,
				5C077B2528B623D5004509BF /* SubmitChangesView.swift in Sources */,
				5CF5EBC728B72D08001145DB /* DefaultTekoRepository.swift in Sources */,
				5CDFA8F028B4D6FB0073B4CE /* EditableProductTableViewCell.swift in Sources */,
				5C077B1F28B61F42004509BF /* PopupView.swift in Sources */,
				5CDFA8EC28B4D20E0073B4CE /* Constants.swift in Sources */,
				5CDFA8DF28B4D18A0073B4CE /* Date+Ext.swift in Sources */,
				5CDFA8E028B4D18A0073B4CE /* NSObject+Ext.swift in Sources */,
				5C39994728B4CB8E00103DD3 /* AppDelegate.swift in Sources */,
				5C39994928B4CB8E00103DD3 /* SceneDelegate.swift in Sources */,
				5C077B2128B62124004509BF /* UIApplication+Ext.swift in Sources */,
				5CDFA8E828B4D1D90073B4CE /* DataService.swift in Sources */,
				5CF5EBCB28B72F72001145DB /* ProductViewModel.swift in Sources */,
			);
			runOnlyForDeploymentPostprocessing = 0;
		};
/* End PBXSourcesBuildPhase section */

/* Begin PBXVariantGroup section */
		5C39994C28B4CB8E00103DD3 /* Main.storyboard */ = {
			isa = PBXVariantGroup;
			children = (
				5C39994D28B4CB8E00103DD3 /* Base */,
			);
			name = Main.storyboard;
			sourceTree = "<group>";
		};
		5C39995128B4CB8E00103DD3 /* LaunchScreen.storyboard */ = {
			isa = PBXVariantGroup;
			children = (
				5C39995228B4CB8E00103DD3 /* Base */,
			);
			name = LaunchScreen.storyboard;
			sourceTree = "<group>";
		};
/* End PBXVariantGroup section */

/* Begin XCBuildConfiguration section */
		5C39995528B4CB8E00103DD3 /* Debug */ = {
			isa = XCBuildConfiguration;
			buildSettings = {
				ALWAYS_SEARCH_USER_PATHS = NO;
				CLANG_ANALYZER_NONNULL = YES;
				CLANG_ANALYZER_NUMBER_OBJECT_CONVERSION = YES_AGGRESSIVE;
				CLANG_CXX_LANGUAGE_STANDARD = "gnu++17";
				CLANG_ENABLE_MODULES = YES;
				CLANG_ENABLE_OBJC_ARC = YES;
				CLANG_ENABLE_OBJC_WEAK = YES;
				CLANG_WARN_BLOCK_CAPTURE_AUTORELEASING = YES;
				CLANG_WARN_BOOL_CONVERSION = YES;
				CLANG_WARN_COMMA = YES;
				CLANG_WARN_CONSTANT_CONVERSION = YES;
				CLANG_WARN_DEPRECATED_OBJC_IMPLEMENTATIONS = YES;
				CLANG_WARN_DIRECT_OBJC_ISA_USAGE = YES_ERROR;
				CLANG_WARN_DOCUMENTATION_COMMENTS = YES;
				CLANG_WARN_EMPTY_BODY = YES;
				CLANG_WARN_ENUM_CONVERSION = YES;
				CLANG_WARN_INFINITE_RECURSION = YES;
				CLANG_WARN_INT_CONVERSION = YES;
				CLANG_WARN_NON_LITERAL_NULL_CONVERSION = YES;
				CLANG_WARN_OBJC_IMPLICIT_RETAIN_SELF = YES;
				CLANG_WARN_OBJC_LITERAL_CONVERSION = YES;
				CLANG_WARN_OBJC_ROOT_CLASS = YES_ERROR;
				CLANG_WARN_QUOTED_INCLUDE_IN_FRAMEWORK_HEADER = YES;
				CLANG_WARN_RANGE_LOOP_ANALYSIS = YES;
				CLANG_WARN_STRICT_PROTOTYPES = YES;
				CLANG_WARN_SUSPICIOUS_MOVE = YES;
				CLANG_WARN_UNGUARDED_AVAILABILITY = YES_AGGRESSIVE;
				CLANG_WARN_UNREACHABLE_CODE = YES;
				CLANG_WARN__DUPLICATE_METHOD_MATCH = YES;
				COPY_PHASE_STRIP = NO;
				DEBUG_INFORMATION_FORMAT = dwarf;
				ENABLE_STRICT_OBJC_MSGSEND = YES;
				ENABLE_TESTABILITY = YES;
				GCC_C_LANGUAGE_STANDARD = gnu11;
				GCC_DYNAMIC_NO_PIC = NO;
				GCC_NO_COMMON_BLOCKS = YES;
				GCC_OPTIMIZATION_LEVEL = 0;
				GCC_PREPROCESSOR_DEFINITIONS = (
					"DEBUG=1",
					"$(inherited)",
				);
				GCC_WARN_64_TO_32_BIT_CONVERSION = YES;
				GCC_WARN_ABOUT_RETURN_TYPE = YES_ERROR;
				GCC_WARN_UNDECLARED_SELECTOR = YES;
				GCC_WARN_UNINITIALIZED_AUTOS = YES_AGGRESSIVE;
				GCC_WARN_UNUSED_FUNCTION = YES;
				GCC_WARN_UNUSED_VARIABLE = YES;
				IPHONEOS_DEPLOYMENT_TARGET = 15.5;
				MTL_ENABLE_DEBUG_INFO = INCLUDE_SOURCE;
				MTL_FAST_MATH = YES;
				ONLY_ACTIVE_ARCH = YES;
				SDKROOT = iphoneos;
				SWIFT_ACTIVE_COMPILATION_CONDITIONS = DEBUG;
				SWIFT_OPTIMIZATION_LEVEL = "-Onone";
			};
			name = Debug;
		};
		5C39995628B4CB8E00103DD3 /* Release */ = {
			isa = XCBuildConfiguration;
			buildSettings = {
				ALWAYS_SEARCH_USER_PATHS = NO;
				CLANG_ANALYZER_NONNULL = YES;
				CLANG_ANALYZER_NUMBER_OBJECT_CONVERSION = YES_AGGRESSIVE;
				CLANG_CXX_LANGUAGE_STANDARD = "gnu++17";
				CLANG_ENABLE_MODULES = YES;
				CLANG_ENABLE_OBJC_ARC = YES;
				CLANG_ENABLE_OBJC_WEAK = YES;
				CLANG_WARN_BLOCK_CAPTURE_AUTORELEASING = YES;
				CLANG_WARN_BOOL_CONVERSION = YES;
				CLANG_WARN_COMMA = YES;
				CLANG_WARN_CONSTANT_CONVERSION = YES;
				CLANG_WARN_DEPRECATED_OBJC_IMPLEMENTATIONS = YES;
				CLANG_WARN_DIRECT_OBJC_ISA_USAGE = YES_ERROR;
				CLANG_WARN_DOCUMENTATION_COMMENTS = YES;
				CLANG_WARN_EMPTY_BODY = YES;
				CLANG_WARN_ENUM_CONVERSION = YES;
				CLANG_WARN_INFINITE_RECURSION = YES;
				CLANG_WARN_INT_CONVERSION = YES;
				CLANG_WARN_NON_LITERAL_NULL_CONVERSION = YES;
				CLANG_WARN_OBJC_IMPLICIT_RETAIN_SELF = YES;
				CLANG_WARN_OBJC_LITERAL_CONVERSION = YES;
				CLANG_WARN_OBJC_ROOT_CLASS = YES_ERROR;
				CLANG_WARN_QUOTED_INCLUDE_IN_FRAMEWORK_HEADER = YES;
				CLANG_WARN_RANGE_LOOP_ANALYSIS = YES;
				CLANG_WARN_STRICT_PROTOTYPES = YES;
				CLANG_WARN_SUSPICIOUS_MOVE = YES;
				CLANG_WARN_UNGUARDED_AVAILABILITY = YES_AGGRESSIVE;
				CLANG_WARN_UNREACHABLE_CODE = YES;
				CLANG_WARN__DUPLICATE_METHOD_MATCH = YES;
				COPY_PHASE_STRIP = NO;
				DEBUG_INFORMATION_FORMAT = "dwarf-with-dsym";
				ENABLE_NS_ASSERTIONS = NO;
				ENABLE_STRICT_OBJC_MSGSEND = YES;
				GCC_C_LANGUAGE_STANDARD = gnu11;
				GCC_NO_COMMON_BLOCKS = YES;
				GCC_WARN_64_TO_32_BIT_CONVERSION = YES;
				GCC_WARN_ABOUT_RETURN_TYPE = YES_ERROR;
				GCC_WARN_UNDECLARED_SELECTOR = YES;
				GCC_WARN_UNINITIALIZED_AUTOS = YES_AGGRESSIVE;
				GCC_WARN_UNUSED_FUNCTION = YES;
				GCC_WARN_UNUSED_VARIABLE = YES;
				IPHONEOS_DEPLOYMENT_TARGET = 15.5;
				MTL_ENABLE_DEBUG_INFO = NO;
				MTL_FAST_MATH = YES;
				SDKROOT = iphoneos;
				SWIFT_COMPILATION_MODE = wholemodule;
				SWIFT_OPTIMIZATION_LEVEL = "-O";
				VALIDATE_PRODUCT = YES;
			};
			name = Release;
		};
		5C39995828B4CB8E00103DD3 /* Debug */ = {
			isa = XCBuildConfiguration;
			baseConfigurationReference = 8B21002DFE421880812A6F53 /* Pods-TekoProduct.debug.xcconfig */;
			buildSettings = {
				ASSETCATALOG_COMPILER_APPICON_NAME = AppIcon;
				ASSETCATALOG_COMPILER_GLOBAL_ACCENT_COLOR_NAME = AccentColor;
				CODE_SIGN_STYLE = Automatic;
				CURRENT_PROJECT_VERSION = 1;
				DEVELOPMENT_TEAM = 6B696CGDCC;
				"EXCLUDED_ARCHS[sdk=iphonesimulator*]" = arm64;
				GENERATE_INFOPLIST_FILE = YES;
				INFOPLIST_FILE = TekoProduct/Info.plist;
				INFOPLIST_KEY_UIApplicationSupportsIndirectInputEvents = YES;
				INFOPLIST_KEY_UILaunchStoryboardName = LaunchScreen;
				INFOPLIST_KEY_UIMainStoryboardFile = Main;
				INFOPLIST_KEY_UISupportedInterfaceOrientations_iPad = "UIInterfaceOrientationPortrait UIInterfaceOrientationPortraitUpsideDown UIInterfaceOrientationLandscapeLeft UIInterfaceOrientationLandscapeRight";
				INFOPLIST_KEY_UISupportedInterfaceOrientations_iPhone = "UIInterfaceOrientationPortrait UIInterfaceOrientationLandscapeLeft UIInterfaceOrientationLandscapeRight";
				IPHONEOS_DEPLOYMENT_TARGET = 13.0;
				LD_RUNPATH_SEARCH_PATHS = (
					"$(inherited)",
					"@executable_path/Frameworks",
				);
				MARKETING_VERSION = 1.0;
				PRODUCT_BUNDLE_IDENTIFIER = com.myvo.TekoProduct;
				PRODUCT_NAME = "$(TARGET_NAME)";
				SWIFT_EMIT_LOC_STRINGS = YES;
				SWIFT_VERSION = 5.0;
				TARGETED_DEVICE_FAMILY = 1;
			};
			name = Debug;
		};
		5C39995928B4CB8E00103DD3 /* Release */ = {
			isa = XCBuildConfiguration;
			baseConfigurationReference = CFB114BB92B30F5F452E1FF1 /* Pods-TekoProduct.release.xcconfig */;
			buildSettings = {
				ASSETCATALOG_COMPILER_APPICON_NAME = AppIcon;
				ASSETCATALOG_COMPILER_GLOBAL_ACCENT_COLOR_NAME = AccentColor;
				CODE_SIGN_STYLE = Automatic;
				CURRENT_PROJECT_VERSION = 1;
				DEVELOPMENT_TEAM = 6B696CGDCC;
				"EXCLUDED_ARCHS[sdk=iphonesimulator*]" = arm64;
				GENERATE_INFOPLIST_FILE = YES;
				INFOPLIST_FILE = TekoProduct/Info.plist;
				INFOPLIST_KEY_UIApplicationSupportsIndirectInputEvents = YES;
				INFOPLIST_KEY_UILaunchStoryboardName = LaunchScreen;
				INFOPLIST_KEY_UIMainStoryboardFile = Main;
				INFOPLIST_KEY_UISupportedInterfaceOrientations_iPad = "UIInterfaceOrientationPortrait UIInterfaceOrientationPortraitUpsideDown UIInterfaceOrientationLandscapeLeft UIInterfaceOrientationLandscapeRight";
				INFOPLIST_KEY_UISupportedInterfaceOrientations_iPhone = "UIInterfaceOrientationPortrait UIInterfaceOrientationLandscapeLeft UIInterfaceOrientationLandscapeRight";
				IPHONEOS_DEPLOYMENT_TARGET = 13.0;
				LD_RUNPATH_SEARCH_PATHS = (
					"$(inherited)",
					"@executable_path/Frameworks",
				);
				MARKETING_VERSION = 1.0;
				PRODUCT_BUNDLE_IDENTIFIER = com.myvo.TekoProduct;
				PRODUCT_NAME = "$(TARGET_NAME)";
				SWIFT_EMIT_LOC_STRINGS = YES;
				SWIFT_VERSION = 5.0;
				TARGETED_DEVICE_FAMILY = 1;
			};
			name = Release;
		};
/* End XCBuildConfiguration section */

/* Begin XCConfigurationList section */
		5C39993E28B4CB8E00103DD3 /* Build configuration list for PBXProject "TekoProduct" */ = {
			isa = XCConfigurationList;
			buildConfigurations = (
				5C39995528B4CB8E00103DD3 /* Debug */,
				5C39995628B4CB8E00103DD3 /* Release */,
			);
			defaultConfigurationIsVisible = 0;
			defaultConfigurationName = Release;
		};
		5C39995728B4CB8E00103DD3 /* Build configuration list for PBXNativeTarget "TekoProduct" */ = {
			isa = XCConfigurationList;
			buildConfigurations = (
				5C39995828B4CB8E00103DD3 /* Debug */,
				5C39995928B4CB8E00103DD3 /* Release */,
			);
			defaultConfigurationIsVisible = 0;
			defaultConfigurationName = Release;
		};
/* End XCConfigurationList section */
	};
	rootObject = 5C39993B28B4CB8E00103DD3 /* Project object */;
}
